
Microsoft Visual Studio Solution File, Format Version 12.00
# Visual Studio Version 16
VisualStudioVersion = 16.0.28315.86
MinimumVisualStudioVersion = 10.0.40219.1
Project("{9A19103F-16F7-4668-BE54-9A1E7A4F7556}") = "LodestoneParser", "LodestoneParser\LodestoneParser.csproj", "{C6B7C435-8D48-49DC-BA02-EE5EC1184286}"
EndProject
Project("{FAE04EC0-301F-11D3-BF4B-00C04F79EFBC}") = "ParserConsole", "ParserConsole\ParserConsole.csproj", "{47E011F7-356F-46A2-9B56-0FBEC0DF6AE6}"
EndProject
Global
	GlobalSection(SolutionConfigurationPlatforms) = preSolution
		Debug|Any CPU = Debug|Any CPU
		Release|Any CPU = Release|Any CPU
	EndGlobalSection
	GlobalSection(ProjectConfigurationPlatforms) = postSolution
		{C6B7C435-8D48-49DC-BA02-EE5EC1184286}.Debug|Any CPU.ActiveCfg = Debug|Any CPU
		{C6B7C435-8D48-49DC-BA02-EE5EC1184286}.Debug|Any CPU.Build.0 = Debug|Any CPU
		{C6B7C435-8D48-49DC-BA02-EE5EC1184286}.Release|Any CPU.ActiveCfg = Release|Any CPU
		{C6B7C435-8D48-49DC-BA02-EE5EC1184286}.Release|Any CPU.Build.0 = Release|Any CPU
		{47E011F7-356F-46A2-9B56-0FBEC0DF6AE6}.Debug|Any CPU.ActiveCfg = Debug|Any CPU
		{47E011F7-356F-46A2-9B56-0FBEC0DF6AE6}.Debug|Any CPU.Build.0 = Debug|Any CPU
		{47E011F7-356F-46A2-9B56-0FBEC0DF6AE6}.Release|Any CPU.ActiveCfg = Release|Any CPU
		{47E011F7-356F-46A2-9B56-0FBEC0DF6AE6}.Release|Any CPU.Build.0 = Release|Any CPU
	EndGlobalSection
	GlobalSection(SolutionProperties) = preSolution
		HideSolutionNode = FALSE
	EndGlobalSection
	GlobalSection(ExtensibilityGlobals) = postSolution
		SolutionGuid = {0641077A-0F00-44AA-BF45-2D6CD3E6F04C}
	EndGlobalSection
EndGlobal
